
Microsoft Visual Studio Solution File, Format Version 12.00
# Visual Studio 15
VisualStudioVersion = 15.0.27428.2005
MinimumVisualStudioVersion = 10.0.40219.1
Project("{00D1A9C2-B5F0-4AF3-8072-F6C62B433612}") = "HSDB", "MapDB\HSDB.sqlproj", "{D20F87D2-0449-49D6-BB14-633F94D936F1}"
EndProject
Project("{FAE04EC0-301F-11D3-BF4B-00C04F79EFBC}") = "Highscore", "Highscore\Highscore.csproj", "{427D44BB-991F-4D19-A875-D76F30F27DF1}"
EndProject
Project("{FAE04EC0-301F-11D3-BF4B-00C04F79EFBC}") = "QueryTests", "QueryTests\QueryTests.csproj", "{1AEF4376-7B22-4924-851E-9AA338F9C048}"
EndProject
Global
	GlobalSection(SolutionConfigurationPlatforms) = preSolution
		Debug|Any CPU = Debug|Any CPU
		Release|Any CPU = Release|Any CPU
	EndGlobalSection
	GlobalSection(ProjectConfigurationPlatforms) = postSolution
		{D20F87D2-0449-49D6-BB14-633F94D936F1}.Debug|Any CPU.ActiveCfg = Debug|Any CPU
		{D20F87D2-0449-49D6-BB14-633F94D936F1}.Debug|Any CPU.Build.0 = Debug|Any CPU
		{D20F87D2-0449-49D6-BB14-633F94D936F1}.Debug|Any CPU.Deploy.0 = Debug|Any CPU
		{D20F87D2-0449-49D6-BB14-633F94D936F1}.Release|Any CPU.ActiveCfg = Release|Any CPU
		{D20F87D2-0449-49D6-BB14-633F94D936F1}.Release|Any CPU.Build.0 = Release|Any CPU
		{D20F87D2-0449-49D6-BB14-633F94D936F1}.Release|Any CPU.Deploy.0 = Release|Any CPU
		{427D44BB-991F-4D19-A875-D76F30F27DF1}.Debug|Any CPU.ActiveCfg = Debug|Any CPU
		{427D44BB-991F-4D19-A875-D76F30F27DF1}.Debug|Any CPU.Build.0 = Debug|Any CPU
		{427D44BB-991F-4D19-A875-D76F30F27DF1}.Release|Any CPU.ActiveCfg = Release|Any CPU
		{427D44BB-991F-4D19-A875-D76F30F27DF1}.Release|Any CPU.Build.0 = Release|Any CPU
		{1AEF4376-7B22-4924-851E-9AA338F9C048}.Debug|Any CPU.ActiveCfg = Debug|Any CPU
		{1AEF4376-7B22-4924-851E-9AA338F9C048}.Debug|Any CPU.Build.0 = Debug|Any CPU
		{1AEF4376-7B22-4924-851E-9AA338F9C048}.Release|Any CPU.ActiveCfg = Release|Any CPU
		{1AEF4376-7B22-4924-851E-9AA338F9C048}.Release|Any CPU.Build.0 = Release|Any CPU
	EndGlobalSection
	GlobalSection(SolutionProperties) = preSolution
		HideSolutionNode = FALSE
	EndGlobalSection
	GlobalSection(ExtensibilityGlobals) = postSolution
		SolutionGuid = {B141D6BE-700F-4B6B-969D-A8B18EA31AE5}
	EndGlobalSection
EndGlobal
